
Microsoft Visual Studio Solution File, Format Version 12.00
# Visual Studio 15
VisualStudioVersion = 15.0.26430.16
MinimumVisualStudioVersion = 10.0.40219.1
Project("{8BC9CEB8-8B4A-11D0-8D11-00A0C91BC942}") = "1669_All_Discs_Considered", "1669_All_Discs_Considered\1669_All_Discs_Considered.vcxproj", "{A2232DB6-70E7-4725-A720-CFC091821DD5}"
EndProject
Project("{8BC9CEB8-8B4A-11D0-8D11-00A0C91BC942}") = "1405_The_Halting_Problem", "1405_The_Halting_Problem\1405_The_Halting_Problem.vcxproj", "{7689CB6E-7695-4960-89BD-BD0F38DDCEB9}"
EndProject
Project("{8BC9CEB8-8B4A-11D0-8D11-00A0C91BC942}") = "1162_Train_Swapping", "1162_Train_Swapping\1162_Train_Swapping.vcxproj", "{467D673F-7E2C-4072-8887-8B4AE8C7E5B5}"
EndProject
Project("{8BC9CEB8-8B4A-11D0-8D11-00A0C91BC942}") = "1258_T-Shirts", "1258_T-Shirts\1258_T-Shirts.vcxproj", "{11C9D1AD-7C5B-4C05-9FDA-FBACDC762C10}"
EndProject
Project("{2150E333-8FDC-42A3-9474-1A3956D46DE8}") = "Solution Items", "Solution Items", "{9D132947-2E0A-4C22-92D3-7C66594B6324}"
	ProjectSection(SolutionItems) = preProject
		.gitignore = .gitignore
	EndProjectSection
EndProject
Project("{8BC9CEB8-8B4A-11D0-8D11-00A0C91BC942}") = "Common", "Common\Common.vcxproj", "{B0F23E6B-BED3-41BA-A2ED-4787DE77CD7C}"
EndProject
Project("{8BC9CEB8-8B4A-11D0-8D11-00A0C91BC942}") = "2065_Supermarket_Line", "2065_Supermarket_Line\2065_Supermarket_Line.vcxproj", "{AE31166A-1DD1-411F-AB11-D54140B049B1}"
EndProject
Project("{8BC9CEB8-8B4A-11D0-8D11-00A0C91BC942}") = "2047_Fly_By_Night", "2047_Fly_By_Night\2047_Fly_By_Night.vcxproj", "{044097DF-2D27-4056-8689-EF8B838BA11C}"
EndProject
Project("{8BC9CEB8-8B4A-11D0-8D11-00A0C91BC942}") = "1704_Arranging_Tasks", "1704_Arranging_Tasks\1704_Arranging_Tasks.vcxproj", "{E0F99B73-3422-474A-A0CC-F1FFBB1C95E3}"
EndProject
Project("{2150E333-8FDC-42A3-9474-1A3956D46DE8}") = "4 Data Structures and Libraries", "4 Data Structures and Libraries", "{FD74E404-5444-4FF5-BFD4-4951FDE766C5}"
EndProject
Project("{8BC9CEB8-8B4A-11D0-8D11-00A0C91BC942}") = "1303_Spurs_Rocks", "1303_Spurs_Rocks\1303_Spurs_Rocks.vcxproj", "{B15F41BD-4F3A-4BA5-A304-5D1BDB70A704}"
EndProject
Project("{2150E333-8FDC-42A3-9474-1A3956D46DE8}") = "7 Graph", "7 Graph", "{1048215F-CBD4-4F0B-BB67-4E4F026A4F58}"
EndProject
Project("{8BC9CEB8-8B4A-11D0-8D11-00A0C91BC942}") = "1911_Help_Girafales", "1911_Help_Girafales\1911_Help_Girafales.vcxproj", "{8DFE8D89-603D-4B94-B034-93EE5F42DCF3}"
EndProject
Project("{2150E333-8FDC-42A3-9474-1A3956D46DE8}") = "6 Paradigms", "6 Paradigms", "{A67F7A67-E21C-40E7-BF56-E16CC3DA3DA8}"
EndProject
Project("{8BC9CEB8-8B4A-11D0-8D11-00A0C91BC942}") = "1707_Numbers_Game", "1707_Numbers_Game\1707_Numbers_Game.vcxproj", "{08789380-4812-4F75-B715-10D499FC43CA}"
EndProject
Project("{8BC9CEB8-8B4A-11D0-8D11-00A0C91BC942}") = "1281_Going_To_The_Market", "1281_Going_To_The_Market\1281_Going_To_The_Market.vcxproj", "{B6E7F314-963B-4928-A592-FB745EA428FE}"
EndProject
Project("{8BC9CEB8-8B4A-11D0-8D11-00A0C91BC942}") = "2482_Noels_Labels", "2482_Noels_Labels\2482_Noels_Labels.vcxproj", "{276150C3-FFFE-4B58-81C0-DEEFD08D7446}"
EndProject
Project("{8BC9CEB8-8B4A-11D0-8D11-00A0C91BC942}") = "1861_Hall_Of_Murderers", "1861_Hall_Of_Murderers\1861_Hall_Of_Murderers.vcxproj", "{C6BD219F-E8DA-40EF-A98B-C90CFB0C8EE5}"
EndProject
Project("{8BC9CEB8-8B4A-11D0-8D11-00A0C91BC942}") = "2120_Tutors", "2120_Tutors\2120_Tutors.vcxproj", "{29243A8D-7B27-4294-B1DF-3B19B170DEF9}"
EndProject
Project("{8BC9CEB8-8B4A-11D0-8D11-00A0C91BC942}") = "1500_Horrible_Queries", "1500_Horrible_Queries\1500_Horrible_Queries.vcxproj", "{7BAF356D-4EBC-4B57-82D8-AD5E41852B38}"
EndProject
Project("{2150E333-8FDC-42A3-9474-1A3956D46DE8}") = "1 Beginner", "1 Beginner", "{96015A9A-0502-4638-8CAE-08DAB72EE271}"
EndProject
Project("{8BC9CEB8-8B4A-11D0-8D11-00A0C91BC942}") = "1010_Simple_Calculate", "1010_Simple_calculate\1010_Simple_calculate.vcxproj", "{E29B624C-5EEA-4CA3-A68E-F7AFBAC893BA}"
EndProject
Project("{8BC9CEB8-8B4A-11D0-8D11-00A0C91BC942}") = "1011_Sphere", "1011_Sphere\1011_Sphere.vcxproj", "{3982F945-9247-4A54-9BB2-6936B32EFCEE}"
EndProject
Project("{8BC9CEB8-8B4A-11D0-8D11-00A0C91BC942}") = "1012_Area", "1012_Area\1012_Area.vcxproj", "{3F4C3F45-0DE5-4F9C-97E1-52448A343F68}"
EndProject
Project("{8BC9CEB8-8B4A-11D0-8D11-00A0C91BC942}") = "1013_The_Greatest", "1013_The_Greatest\1013_The_Greatest.vcxproj", "{089CD5C7-25D0-4C9F-911E-99C40BC1DEFF}"
EndProject
Project("{2150E333-8FDC-42A3-9474-1A3956D46DE8}") = "3 Strings", "3 Strings", "{A374B669-8158-4ED8-AF4B-8DA83E6EB799}"
EndProject
Project("{8BC9CEB8-8B4A-11D0-8D11-00A0C91BC942}") = "2356_Bacteria_I", "2356_Bacteria_I\2356_Bacteria_I.vcxproj", "{254A151D-3AC7-4898-A241-CA93686A039A}"
EndProject
Project("{8BC9CEB8-8B4A-11D0-8D11-00A0C91BC942}") = "2153_Sanduicheiche", "2153_Sanduicheiche\2153_Sanduicheiche.vcxproj", "{68D06515-2FBB-4348-93D2-2046AD9349F4}"
EndProject
Project("{8BC9CEB8-8B4A-11D0-8D11-00A0C91BC942}") = "2055_Lisp_Is_Better_Than_Java_C_And_CPP", "2055_Lisp_Is_Better_Than_Java_C_And_CPP\2055_Lisp_Is_Better_Than_Java_C_And_CPP.vcxproj", "{D7F62EBF-AB23-41C0-B9EB-B9DCC834A18A}"
EndProject
Project("{8BC9CEB8-8B4A-11D0-8D11-00A0C91BC942}") = "2485_Bicho_da_Goiaba", "2485_Bicho_da_Goiaba\2485_Bicho_da_Goiaba.vcxproj", "{6EF654E2-AC87-4927-8F60-FC8A64F75C71}"
EndProject
Project("{8BC9CEB8-8B4A-11D0-8D11-00A0C91BC942}") = "1014_Consumption", "1014_Consumption\1014_Consumption.vcxproj", "{E28BBDD4-93E2-463A-AABA-0A882F18C2CA}"
EndProject
Project("{8BC9CEB8-8B4A-11D0-8D11-00A0C91BC942}") = "1015_Distance_Between_Two_Points", "1015_Distance_Between_Two_Points\1015_Distance_Between_Two_Points.vcxproj", "{258179C8-5C29-4DF9-BF20-03AAC5108A70}"
EndProject
Project("{8BC9CEB8-8B4A-11D0-8D11-00A0C91BC942}") = "1016_Distance", "1016_Distance\1016_Distance.vcxproj", "{189770A9-60FF-462C-A48D-E4C7F388DBB7}"
EndProject
Project("{8BC9CEB8-8B4A-11D0-8D11-00A0C91BC942}") = "1017_Fuel_Spent", "1017_Fuel_Spent\1017_Fuel_Spent.vcxproj", "{256C3478-D104-429E-AA5E-E53DE9E8FF62}"
EndProject
Project("{8BC9CEB8-8B4A-11D0-8D11-00A0C91BC942}") = "1018_Banknotes", "1018_Banknotes\1018_Banknotes.vcxproj", "{3A7F0A92-F6E8-40A4-99DB-A93C53D6C9AE}"
EndProject
Project("{8BC9CEB8-8B4A-11D0-8D11-00A0C91BC942}") = "1019_Time_Conversion", "1019_Time_Conversion\1019_Time_Conversion.vcxproj", "{4C51D280-79FC-4A17-BBCB-E38C0EB46A32}"
EndProject
Project("{8BC9CEB8-8B4A-11D0-8D11-00A0C91BC942}") = "1020_Age_In_Days", "1020_Age_In_Days\1020_Age_In_Days.vcxproj", "{AC75FD2D-D533-4313-95E2-4E275A096C68}"
EndProject
Global
	GlobalSection(SolutionConfigurationPlatforms) = preSolution
		Debug|x64 = Debug|x64
		Debug|x86 = Debug|x86
		Release|x64 = Release|x64
		Release|x86 = Release|x86
	EndGlobalSection
	GlobalSection(ProjectConfigurationPlatforms) = postSolution
		{A2232DB6-70E7-4725-A720-CFC091821DD5}.Debug|x64.ActiveCfg = Debug|x64
		{A2232DB6-70E7-4725-A720-CFC091821DD5}.Debug|x64.Build.0 = Debug|x64
		{A2232DB6-70E7-4725-A720-CFC091821DD5}.Debug|x86.ActiveCfg = Debug|Win32
		{A2232DB6-70E7-4725-A720-CFC091821DD5}.Debug|x86.Build.0 = Debug|Win32
		{A2232DB6-70E7-4725-A720-CFC091821DD5}.Release|x64.ActiveCfg = Release|x64
		{A2232DB6-70E7-4725-A720-CFC091821DD5}.Release|x64.Build.0 = Release|x64
		{A2232DB6-70E7-4725-A720-CFC091821DD5}.Release|x86.ActiveCfg = Release|Win32
		{A2232DB6-70E7-4725-A720-CFC091821DD5}.Release|x86.Build.0 = Release|Win32
		{7689CB6E-7695-4960-89BD-BD0F38DDCEB9}.Debug|x64.ActiveCfg = Debug|x64
		{7689CB6E-7695-4960-89BD-BD0F38DDCEB9}.Debug|x64.Build.0 = Debug|x64
		{7689CB6E-7695-4960-89BD-BD0F38DDCEB9}.Debug|x86.ActiveCfg = Debug|Win32
		{7689CB6E-7695-4960-89BD-BD0F38DDCEB9}.Debug|x86.Build.0 = Debug|Win32
		{7689CB6E-7695-4960-89BD-BD0F38DDCEB9}.Release|x64.ActiveCfg = Release|x64
		{7689CB6E-7695-4960-89BD-BD0F38DDCEB9}.Release|x64.Build.0 = Release|x64
		{7689CB6E-7695-4960-89BD-BD0F38DDCEB9}.Release|x86.ActiveCfg = Release|Win32
		{7689CB6E-7695-4960-89BD-BD0F38DDCEB9}.Release|x86.Build.0 = Release|Win32
		{467D673F-7E2C-4072-8887-8B4AE8C7E5B5}.Debug|x64.ActiveCfg = Debug|x64
		{467D673F-7E2C-4072-8887-8B4AE8C7E5B5}.Debug|x64.Build.0 = Debug|x64
		{467D673F-7E2C-4072-8887-8B4AE8C7E5B5}.Debug|x86.ActiveCfg = Debug|Win32
		{467D673F-7E2C-4072-8887-8B4AE8C7E5B5}.Debug|x86.Build.0 = Debug|Win32
		{467D673F-7E2C-4072-8887-8B4AE8C7E5B5}.Release|x64.ActiveCfg = Release|x64
		{467D673F-7E2C-4072-8887-8B4AE8C7E5B5}.Release|x64.Build.0 = Release|x64
		{467D673F-7E2C-4072-8887-8B4AE8C7E5B5}.Release|x86.ActiveCfg = Release|Win32
		{467D673F-7E2C-4072-8887-8B4AE8C7E5B5}.Release|x86.Build.0 = Release|Win32
		{11C9D1AD-7C5B-4C05-9FDA-FBACDC762C10}.Debug|x64.ActiveCfg = Debug|x64
		{11C9D1AD-7C5B-4C05-9FDA-FBACDC762C10}.Debug|x64.Build.0 = Debug|x64
		{11C9D1AD-7C5B-4C05-9FDA-FBACDC762C10}.Debug|x86.ActiveCfg = Debug|Win32
		{11C9D1AD-7C5B-4C05-9FDA-FBACDC762C10}.Debug|x86.Build.0 = Debug|Win32
		{11C9D1AD-7C5B-4C05-9FDA-FBACDC762C10}.Release|x64.ActiveCfg = Release|x64
		{11C9D1AD-7C5B-4C05-9FDA-FBACDC762C10}.Release|x64.Build.0 = Release|x64
		{11C9D1AD-7C5B-4C05-9FDA-FBACDC762C10}.Release|x86.ActiveCfg = Release|Win32
		{11C9D1AD-7C5B-4C05-9FDA-FBACDC762C10}.Release|x86.Build.0 = Release|Win32
		{B0F23E6B-BED3-41BA-A2ED-4787DE77CD7C}.Debug|x64.ActiveCfg = Debug|x64
		{B0F23E6B-BED3-41BA-A2ED-4787DE77CD7C}.Debug|x64.Build.0 = Debug|x64
		{B0F23E6B-BED3-41BA-A2ED-4787DE77CD7C}.Debug|x86.ActiveCfg = Debug|Win32
		{B0F23E6B-BED3-41BA-A2ED-4787DE77CD7C}.Debug|x86.Build.0 = Debug|Win32
		{B0F23E6B-BED3-41BA-A2ED-4787DE77CD7C}.Release|x64.ActiveCfg = Release|x64
		{B0F23E6B-BED3-41BA-A2ED-4787DE77CD7C}.Release|x64.Build.0 = Release|x64
		{B0F23E6B-BED3-41BA-A2ED-4787DE77CD7C}.Release|x86.ActiveCfg = Release|Win32
		{B0F23E6B-BED3-41BA-A2ED-4787DE77CD7C}.Release|x86.Build.0 = Release|Win32
		{AE31166A-1DD1-411F-AB11-D54140B049B1}.Debug|x64.ActiveCfg = Debug|x64
		{AE31166A-1DD1-411F-AB11-D54140B049B1}.Debug|x64.Build.0 = Debug|x64
		{AE31166A-1DD1-411F-AB11-D54140B049B1}.Debug|x86.ActiveCfg = Debug|Win32
		{AE31166A-1DD1-411F-AB11-D54140B049B1}.Debug|x86.Build.0 = Debug|Win32
		{AE31166A-1DD1-411F-AB11-D54140B049B1}.Release|x64.ActiveCfg = Release|x64
		{AE31166A-1DD1-411F-AB11-D54140B049B1}.Release|x64.Build.0 = Release|x64
		{AE31166A-1DD1-411F-AB11-D54140B049B1}.Release|x86.ActiveCfg = Release|Win32
		{AE31166A-1DD1-411F-AB11-D54140B049B1}.Release|x86.Build.0 = Release|Win32
		{044097DF-2D27-4056-8689-EF8B838BA11C}.Debug|x64.ActiveCfg = Debug|x64
		{044097DF-2D27-4056-8689-EF8B838BA11C}.Debug|x64.Build.0 = Debug|x64
		{044097DF-2D27-4056-8689-EF8B838BA11C}.Debug|x86.ActiveCfg = Debug|Win32
		{044097DF-2D27-4056-8689-EF8B838BA11C}.Debug|x86.Build.0 = Debug|Win32
		{044097DF-2D27-4056-8689-EF8B838BA11C}.Release|x64.ActiveCfg = Release|x64
		{044097DF-2D27-4056-8689-EF8B838BA11C}.Release|x64.Build.0 = Release|x64
		{044097DF-2D27-4056-8689-EF8B838BA11C}.Release|x86.ActiveCfg = Release|Win32
		{044097DF-2D27-4056-8689-EF8B838BA11C}.Release|x86.Build.0 = Release|Win32
		{E0F99B73-3422-474A-A0CC-F1FFBB1C95E3}.Debug|x64.ActiveCfg = Debug|x64
		{E0F99B73-3422-474A-A0CC-F1FFBB1C95E3}.Debug|x64.Build.0 = Debug|x64
		{E0F99B73-3422-474A-A0CC-F1FFBB1C95E3}.Debug|x86.ActiveCfg = Debug|Win32
		{E0F99B73-3422-474A-A0CC-F1FFBB1C95E3}.Debug|x86.Build.0 = Debug|Win32
		{E0F99B73-3422-474A-A0CC-F1FFBB1C95E3}.Release|x64.ActiveCfg = Release|x64
		{E0F99B73-3422-474A-A0CC-F1FFBB1C95E3}.Release|x64.Build.0 = Release|x64
		{E0F99B73-3422-474A-A0CC-F1FFBB1C95E3}.Release|x86.ActiveCfg = Release|Win32
		{E0F99B73-3422-474A-A0CC-F1FFBB1C95E3}.Release|x86.Build.0 = Release|Win32
		{B15F41BD-4F3A-4BA5-A304-5D1BDB70A704}.Debug|x64.ActiveCfg = Debug|x64
		{B15F41BD-4F3A-4BA5-A304-5D1BDB70A704}.Debug|x64.Build.0 = Debug|x64
		{B15F41BD-4F3A-4BA5-A304-5D1BDB70A704}.Debug|x86.ActiveCfg = Debug|Win32
		{B15F41BD-4F3A-4BA5-A304-5D1BDB70A704}.Debug|x86.Build.0 = Debug|Win32
		{B15F41BD-4F3A-4BA5-A304-5D1BDB70A704}.Release|x64.ActiveCfg = Release|x64
		{B15F41BD-4F3A-4BA5-A304-5D1BDB70A704}.Release|x64.Build.0 = Release|x64
		{B15F41BD-4F3A-4BA5-A304-5D1BDB70A704}.Release|x86.ActiveCfg = Release|Win32
		{B15F41BD-4F3A-4BA5-A304-5D1BDB70A704}.Release|x86.Build.0 = Release|Win32
		{8DFE8D89-603D-4B94-B034-93EE5F42DCF3}.Debug|x64.ActiveCfg = Debug|x64
		{8DFE8D89-603D-4B94-B034-93EE5F42DCF3}.Debug|x64.Build.0 = Debug|x64
		{8DFE8D89-603D-4B94-B034-93EE5F42DCF3}.Debug|x86.ActiveCfg = Debug|Win32
		{8DFE8D89-603D-4B94-B034-93EE5F42DCF3}.Debug|x86.Build.0 = Debug|Win32
		{8DFE8D89-603D-4B94-B034-93EE5F42DCF3}.Release|x64.ActiveCfg = Release|x64
		{8DFE8D89-603D-4B94-B034-93EE5F42DCF3}.Release|x64.Build.0 = Release|x64
		{8DFE8D89-603D-4B94-B034-93EE5F42DCF3}.Release|x86.ActiveCfg = Release|Win32
		{8DFE8D89-603D-4B94-B034-93EE5F42DCF3}.Release|x86.Build.0 = Release|Win32
		{08789380-4812-4F75-B715-10D499FC43CA}.Debug|x64.ActiveCfg = Debug|x64
		{08789380-4812-4F75-B715-10D499FC43CA}.Debug|x64.Build.0 = Debug|x64
		{08789380-4812-4F75-B715-10D499FC43CA}.Debug|x86.ActiveCfg = Debug|Win32
		{08789380-4812-4F75-B715-10D499FC43CA}.Debug|x86.Build.0 = Debug|Win32
		{08789380-4812-4F75-B715-10D499FC43CA}.Release|x64.ActiveCfg = Release|x64
		{08789380-4812-4F75-B715-10D499FC43CA}.Release|x64.Build.0 = Release|x64
		{08789380-4812-4F75-B715-10D499FC43CA}.Release|x86.ActiveCfg = Release|Win32
		{08789380-4812-4F75-B715-10D499FC43CA}.Release|x86.Build.0 = Release|Win32
		{B6E7F314-963B-4928-A592-FB745EA428FE}.Debug|x64.ActiveCfg = Debug|x64
		{B6E7F314-963B-4928-A592-FB745EA428FE}.Debug|x64.Build.0 = Debug|x64
		{B6E7F314-963B-4928-A592-FB745EA428FE}.Debug|x86.ActiveCfg = Debug|Win32
		{B6E7F314-963B-4928-A592-FB745EA428FE}.Debug|x86.Build.0 = Debug|Win32
		{B6E7F314-963B-4928-A592-FB745EA428FE}.Release|x64.ActiveCfg = Release|x64
		{B6E7F314-963B-4928-A592-FB745EA428FE}.Release|x64.Build.0 = Release|x64
		{B6E7F314-963B-4928-A592-FB745EA428FE}.Release|x86.ActiveCfg = Release|Win32
		{B6E7F314-963B-4928-A592-FB745EA428FE}.Release|x86.Build.0 = Release|Win32
		{276150C3-FFFE-4B58-81C0-DEEFD08D7446}.Debug|x64.ActiveCfg = Debug|x64
		{276150C3-FFFE-4B58-81C0-DEEFD08D7446}.Debug|x64.Build.0 = Debug|x64
		{276150C3-FFFE-4B58-81C0-DEEFD08D7446}.Debug|x86.ActiveCfg = Debug|Win32
		{276150C3-FFFE-4B58-81C0-DEEFD08D7446}.Debug|x86.Build.0 = Debug|Win32
		{276150C3-FFFE-4B58-81C0-DEEFD08D7446}.Release|x64.ActiveCfg = Release|x64
		{276150C3-FFFE-4B58-81C0-DEEFD08D7446}.Release|x64.Build.0 = Release|x64
		{276150C3-FFFE-4B58-81C0-DEEFD08D7446}.Release|x86.ActiveCfg = Release|Win32
		{276150C3-FFFE-4B58-81C0-DEEFD08D7446}.Release|x86.Build.0 = Release|Win32
		{C6BD219F-E8DA-40EF-A98B-C90CFB0C8EE5}.Debug|x64.ActiveCfg = Debug|x64
		{C6BD219F-E8DA-40EF-A98B-C90CFB0C8EE5}.Debug|x64.Build.0 = Debug|x64
		{C6BD219F-E8DA-40EF-A98B-C90CFB0C8EE5}.Debug|x86.ActiveCfg = Debug|Win32
		{C6BD219F-E8DA-40EF-A98B-C90CFB0C8EE5}.Debug|x86.Build.0 = Debug|Win32
		{C6BD219F-E8DA-40EF-A98B-C90CFB0C8EE5}.Release|x64.ActiveCfg = Release|x64
		{C6BD219F-E8DA-40EF-A98B-C90CFB0C8EE5}.Release|x64.Build.0 = Release|x64
		{C6BD219F-E8DA-40EF-A98B-C90CFB0C8EE5}.Release|x86.ActiveCfg = Release|Win32
		{C6BD219F-E8DA-40EF-A98B-C90CFB0C8EE5}.Release|x86.Build.0 = Release|Win32
		{29243A8D-7B27-4294-B1DF-3B19B170DEF9}.Debug|x64.ActiveCfg = Debug|x64
		{29243A8D-7B27-4294-B1DF-3B19B170DEF9}.Debug|x64.Build.0 = Debug|x64
		{29243A8D-7B27-4294-B1DF-3B19B170DEF9}.Debug|x86.ActiveCfg = Debug|Win32
		{29243A8D-7B27-4294-B1DF-3B19B170DEF9}.Debug|x86.Build.0 = Debug|Win32
		{29243A8D-7B27-4294-B1DF-3B19B170DEF9}.Release|x64.ActiveCfg = Release|x64
		{29243A8D-7B27-4294-B1DF-3B19B170DEF9}.Release|x64.Build.0 = Release|x64
		{29243A8D-7B27-4294-B1DF-3B19B170DEF9}.Release|x86.ActiveCfg = Release|Win32
		{29243A8D-7B27-4294-B1DF-3B19B170DEF9}.Release|x86.Build.0 = Release|Win32
		{7BAF356D-4EBC-4B57-82D8-AD5E41852B38}.Debug|x64.ActiveCfg = Debug|x64
		{7BAF356D-4EBC-4B57-82D8-AD5E41852B38}.Debug|x64.Build.0 = Debug|x64
		{7BAF356D-4EBC-4B57-82D8-AD5E41852B38}.Debug|x86.ActiveCfg = Debug|Win32
		{7BAF356D-4EBC-4B57-82D8-AD5E41852B38}.Debug|x86.Build.0 = Debug|Win32
		{7BAF356D-4EBC-4B57-82D8-AD5E41852B38}.Release|x64.ActiveCfg = Release|x64
		{7BAF356D-4EBC-4B57-82D8-AD5E41852B38}.Release|x64.Build.0 = Release|x64
		{7BAF356D-4EBC-4B57-82D8-AD5E41852B38}.Release|x86.ActiveCfg = Release|Win32
		{7BAF356D-4EBC-4B57-82D8-AD5E41852B38}.Release|x86.Build.0 = Release|Win32
		{E29B624C-5EEA-4CA3-A68E-F7AFBAC893BA}.Debug|x64.ActiveCfg = Debug|x64
		{E29B624C-5EEA-4CA3-A68E-F7AFBAC893BA}.Debug|x64.Build.0 = Debug|x64
		{E29B624C-5EEA-4CA3-A68E-F7AFBAC893BA}.Debug|x86.ActiveCfg = Debug|Win32
		{E29B624C-5EEA-4CA3-A68E-F7AFBAC893BA}.Debug|x86.Build.0 = Debug|Win32
		{E29B624C-5EEA-4CA3-A68E-F7AFBAC893BA}.Release|x64.ActiveCfg = Release|x64
		{E29B624C-5EEA-4CA3-A68E-F7AFBAC893BA}.Release|x64.Build.0 = Release|x64
		{E29B624C-5EEA-4CA3-A68E-F7AFBAC893BA}.Release|x86.ActiveCfg = Release|Win32
		{E29B624C-5EEA-4CA3-A68E-F7AFBAC893BA}.Release|x86.Build.0 = Release|Win32
		{3982F945-9247-4A54-9BB2-6936B32EFCEE}.Debug|x64.ActiveCfg = Debug|x64
		{3982F945-9247-4A54-9BB2-6936B32EFCEE}.Debug|x64.Build.0 = Debug|x64
		{3982F945-9247-4A54-9BB2-6936B32EFCEE}.Debug|x86.ActiveCfg = Debug|Win32
		{3982F945-9247-4A54-9BB2-6936B32EFCEE}.Debug|x86.Build.0 = Debug|Win32
		{3982F945-9247-4A54-9BB2-6936B32EFCEE}.Release|x64.ActiveCfg = Release|x64
		{3982F945-9247-4A54-9BB2-6936B32EFCEE}.Release|x64.Build.0 = Release|x64
		{3982F945-9247-4A54-9BB2-6936B32EFCEE}.Release|x86.ActiveCfg = Release|Win32
		{3982F945-9247-4A54-9BB2-6936B32EFCEE}.Release|x86.Build.0 = Release|Win32
		{3F4C3F45-0DE5-4F9C-97E1-52448A343F68}.Debug|x64.ActiveCfg = Debug|x64
		{3F4C3F45-0DE5-4F9C-97E1-52448A343F68}.Debug|x64.Build.0 = Debug|x64
		{3F4C3F45-0DE5-4F9C-97E1-52448A343F68}.Debug|x86.ActiveCfg = Debug|Win32
		{3F4C3F45-0DE5-4F9C-97E1-52448A343F68}.Debug|x86.Build.0 = Debug|Win32
		{3F4C3F45-0DE5-4F9C-97E1-52448A343F68}.Release|x64.ActiveCfg = Release|x64
		{3F4C3F45-0DE5-4F9C-97E1-52448A343F68}.Release|x64.Build.0 = Release|x64
		{3F4C3F45-0DE5-4F9C-97E1-52448A343F68}.Release|x86.ActiveCfg = Release|Win32
		{3F4C3F45-0DE5-4F9C-97E1-52448A343F68}.Release|x86.Build.0 = Release|Win32
		{089CD5C7-25D0-4C9F-911E-99C40BC1DEFF}.Debug|x64.ActiveCfg = Debug|x64
		{089CD5C7-25D0-4C9F-911E-99C40BC1DEFF}.Debug|x64.Build.0 = Debug|x64
		{089CD5C7-25D0-4C9F-911E-99C40BC1DEFF}.Debug|x86.ActiveCfg = Debug|Win32
		{089CD5C7-25D0-4C9F-911E-99C40BC1DEFF}.Debug|x86.Build.0 = Debug|Win32
		{089CD5C7-25D0-4C9F-911E-99C40BC1DEFF}.Release|x64.ActiveCfg = Release|x64
		{089CD5C7-25D0-4C9F-911E-99C40BC1DEFF}.Release|x64.Build.0 = Release|x64
		{089CD5C7-25D0-4C9F-911E-99C40BC1DEFF}.Release|x86.ActiveCfg = Release|Win32
		{089CD5C7-25D0-4C9F-911E-99C40BC1DEFF}.Release|x86.Build.0 = Release|Win32
		{254A151D-3AC7-4898-A241-CA93686A039A}.Debug|x64.ActiveCfg = Debug|x64
		{254A151D-3AC7-4898-A241-CA93686A039A}.Debug|x64.Build.0 = Debug|x64
		{254A151D-3AC7-4898-A241-CA93686A039A}.Debug|x86.ActiveCfg = Debug|Win32
		{254A151D-3AC7-4898-A241-CA93686A039A}.Debug|x86.Build.0 = Debug|Win32
		{254A151D-3AC7-4898-A241-CA93686A039A}.Release|x64.ActiveCfg = Release|x64
		{254A151D-3AC7-4898-A241-CA93686A039A}.Release|x64.Build.0 = Release|x64
		{254A151D-3AC7-4898-A241-CA93686A039A}.Release|x86.ActiveCfg = Release|Win32
		{254A151D-3AC7-4898-A241-CA93686A039A}.Release|x86.Build.0 = Release|Win32
		{68D06515-2FBB-4348-93D2-2046AD9349F4}.Debug|x64.ActiveCfg = Debug|x64
		{68D06515-2FBB-4348-93D2-2046AD9349F4}.Debug|x64.Build.0 = Debug|x64
		{68D06515-2FBB-4348-93D2-2046AD9349F4}.Debug|x86.ActiveCfg = Debug|Win32
		{68D06515-2FBB-4348-93D2-2046AD9349F4}.Debug|x86.Build.0 = Debug|Win32
		{68D06515-2FBB-4348-93D2-2046AD9349F4}.Release|x64.ActiveCfg = Release|x64
		{68D06515-2FBB-4348-93D2-2046AD9349F4}.Release|x64.Build.0 = Release|x64
		{68D06515-2FBB-4348-93D2-2046AD9349F4}.Release|x86.ActiveCfg = Release|Win32
		{68D06515-2FBB-4348-93D2-2046AD9349F4}.Release|x86.Build.0 = Release|Win32
		{D7F62EBF-AB23-41C0-B9EB-B9DCC834A18A}.Debug|x64.ActiveCfg = Debug|x64
		{D7F62EBF-AB23-41C0-B9EB-B9DCC834A18A}.Debug|x64.Build.0 = Debug|x64
		{D7F62EBF-AB23-41C0-B9EB-B9DCC834A18A}.Debug|x86.ActiveCfg = Debug|Win32
		{D7F62EBF-AB23-41C0-B9EB-B9DCC834A18A}.Debug|x86.Build.0 = Debug|Win32
		{D7F62EBF-AB23-41C0-B9EB-B9DCC834A18A}.Release|x64.ActiveCfg = Release|x64
		{D7F62EBF-AB23-41C0-B9EB-B9DCC834A18A}.Release|x64.Build.0 = Release|x64
		{D7F62EBF-AB23-41C0-B9EB-B9DCC834A18A}.Release|x86.ActiveCfg = Release|Win32
		{D7F62EBF-AB23-41C0-B9EB-B9DCC834A18A}.Release|x86.Build.0 = Release|Win32
		{6EF654E2-AC87-4927-8F60-FC8A64F75C71}.Debug|x64.ActiveCfg = Debug|x64
		{6EF654E2-AC87-4927-8F60-FC8A64F75C71}.Debug|x64.Build.0 = Debug|x64
		{6EF654E2-AC87-4927-8F60-FC8A64F75C71}.Debug|x86.ActiveCfg = Debug|Win32
		{6EF654E2-AC87-4927-8F60-FC8A64F75C71}.Debug|x86.Build.0 = Debug|Win32
		{6EF654E2-AC87-4927-8F60-FC8A64F75C71}.Release|x64.ActiveCfg = Release|x64
		{6EF654E2-AC87-4927-8F60-FC8A64F75C71}.Release|x64.Build.0 = Release|x64
		{6EF654E2-AC87-4927-8F60-FC8A64F75C71}.Release|x86.ActiveCfg = Release|Win32
		{6EF654E2-AC87-4927-8F60-FC8A64F75C71}.Release|x86.Build.0 = Release|Win32
		{E28BBDD4-93E2-463A-AABA-0A882F18C2CA}.Debug|x64.ActiveCfg = Debug|x64
		{E28BBDD4-93E2-463A-AABA-0A882F18C2CA}.Debug|x64.Build.0 = Debug|x64
		{E28BBDD4-93E2-463A-AABA-0A882F18C2CA}.Debug|x86.ActiveCfg = Debug|Win32
		{E28BBDD4-93E2-463A-AABA-0A882F18C2CA}.Debug|x86.Build.0 = Debug|Win32
		{E28BBDD4-93E2-463A-AABA-0A882F18C2CA}.Release|x64.ActiveCfg = Release|x64
		{E28BBDD4-93E2-463A-AABA-0A882F18C2CA}.Release|x64.Build.0 = Release|x64
		{E28BBDD4-93E2-463A-AABA-0A882F18C2CA}.Release|x86.ActiveCfg = Release|Win32
		{E28BBDD4-93E2-463A-AABA-0A882F18C2CA}.Release|x86.Build.0 = Release|Win32
		{258179C8-5C29-4DF9-BF20-03AAC5108A70}.Debug|x64.ActiveCfg = Debug|x64
		{258179C8-5C29-4DF9-BF20-03AAC5108A70}.Debug|x64.Build.0 = Debug|x64
		{258179C8-5C29-4DF9-BF20-03AAC5108A70}.Debug|x86.ActiveCfg = Debug|Win32
		{258179C8-5C29-4DF9-BF20-03AAC5108A70}.Debug|x86.Build.0 = Debug|Win32
		{258179C8-5C29-4DF9-BF20-03AAC5108A70}.Release|x64.ActiveCfg = Release|x64
		{258179C8-5C29-4DF9-BF20-03AAC5108A70}.Release|x64.Build.0 = Release|x64
		{258179C8-5C29-4DF9-BF20-03AAC5108A70}.Release|x86.ActiveCfg = Release|Win32
		{258179C8-5C29-4DF9-BF20-03AAC5108A70}.Release|x86.Build.0 = Release|Win32
		{189770A9-60FF-462C-A48D-E4C7F388DBB7}.Debug|x64.ActiveCfg = Debug|x64
		{189770A9-60FF-462C-A48D-E4C7F388DBB7}.Debug|x64.Build.0 = Debug|x64
		{189770A9-60FF-462C-A48D-E4C7F388DBB7}.Debug|x86.ActiveCfg = Debug|Win32
		{189770A9-60FF-462C-A48D-E4C7F388DBB7}.Debug|x86.Build.0 = Debug|Win32
		{189770A9-60FF-462C-A48D-E4C7F388DBB7}.Release|x64.ActiveCfg = Release|x64
		{189770A9-60FF-462C-A48D-E4C7F388DBB7}.Release|x64.Build.0 = Release|x64
		{189770A9-60FF-462C-A48D-E4C7F388DBB7}.Release|x86.ActiveCfg = Release|Win32
		{189770A9-60FF-462C-A48D-E4C7F388DBB7}.Release|x86.Build.0 = Release|Win32
		{256C3478-D104-429E-AA5E-E53DE9E8FF62}.Debug|x64.ActiveCfg = Debug|x64
		{256C3478-D104-429E-AA5E-E53DE9E8FF62}.Debug|x64.Build.0 = Debug|x64
		{256C3478-D104-429E-AA5E-E53DE9E8FF62}.Debug|x86.ActiveCfg = Debug|Win32
		{256C3478-D104-429E-AA5E-E53DE9E8FF62}.Debug|x86.Build.0 = Debug|Win32
		{256C3478-D104-429E-AA5E-E53DE9E8FF62}.Release|x64.ActiveCfg = Release|x64
		{256C3478-D104-429E-AA5E-E53DE9E8FF62}.Release|x64.Build.0 = Release|x64
		{256C3478-D104-429E-AA5E-E53DE9E8FF62}.Release|x86.ActiveCfg = Release|Win32
		{256C3478-D104-429E-AA5E-E53DE9E8FF62}.Release|x86.Build.0 = Release|Win32
		{3A7F0A92-F6E8-40A4-99DB-A93C53D6C9AE}.Debug|x64.ActiveCfg = Debug|x64
		{3A7F0A92-F6E8-40A4-99DB-A93C53D6C9AE}.Debug|x64.Build.0 = Debug|x64
		{3A7F0A92-F6E8-40A4-99DB-A93C53D6C9AE}.Debug|x86.ActiveCfg = Debug|Win32
		{3A7F0A92-F6E8-40A4-99DB-A93C53D6C9AE}.Debug|x86.Build.0 = Debug|Win32
		{3A7F0A92-F6E8-40A4-99DB-A93C53D6C9AE}.Release|x64.ActiveCfg = Release|x64
		{3A7F0A92-F6E8-40A4-99DB-A93C53D6C9AE}.Release|x64.Build.0 = Release|x64
		{3A7F0A92-F6E8-40A4-99DB-A93C53D6C9AE}.Release|x86.ActiveCfg = Release|Win32
		{3A7F0A92-F6E8-40A4-99DB-A93C53D6C9AE}.Release|x86.Build.0 = Release|Win32
		{4C51D280-79FC-4A17-BBCB-E38C0EB46A32}.Debug|x64.ActiveCfg = Debug|x64
		{4C51D280-79FC-4A17-BBCB-E38C0EB46A32}.Debug|x64.Build.0 = Debug|x64
		{4C51D280-79FC-4A17-BBCB-E38C0EB46A32}.Debug|x86.ActiveCfg = Debug|Win32
		{4C51D280-79FC-4A17-BBCB-E38C0EB46A32}.Debug|x86.Build.0 = Debug|Win32
		{4C51D280-79FC-4A17-BBCB-E38C0EB46A32}.Release|x64.ActiveCfg = Release|x64
		{4C51D280-79FC-4A17-BBCB-E38C0EB46A32}.Release|x64.Build.0 = Release|x64
		{4C51D280-79FC-4A17-BBCB-E38C0EB46A32}.Release|x86.ActiveCfg = Release|Win32
		{4C51D280-79FC-4A17-BBCB-E38C0EB46A32}.Release|x86.Build.0 = Release|Win32
		{AC75FD2D-D533-4313-95E2-4E275A096C68}.Debug|x64.ActiveCfg = Debug|x64
		{AC75FD2D-D533-4313-95E2-4E275A096C68}.Debug|x64.Build.0 = Debug|x64
		{AC75FD2D-D533-4313-95E2-4E275A096C68}.Debug|x86.ActiveCfg = Debug|Win32
		{AC75FD2D-D533-4313-95E2-4E275A096C68}.Debug|x86.Build.0 = Debug|Win32
		{AC75FD2D-D533-4313-95E2-4E275A096C68}.Release|x64.ActiveCfg = Release|x64
		{AC75FD2D-D533-4313-95E2-4E275A096C68}.Release|x64.Build.0 = Release|x64
		{AC75FD2D-D533-4313-95E2-4E275A096C68}.Release|x86.ActiveCfg = Release|Win32
		{AC75FD2D-D533-4313-95E2-4E275A096C68}.Release|x86.Build.0 = Release|Win32
	EndGlobalSection
	GlobalSection(SolutionProperties) = preSolution
		HideSolutionNode = FALSE
	EndGlobalSection
	GlobalSection(NestedProjects) = preSolution
		{A2232DB6-70E7-4725-A720-CFC091821DD5} = {1048215F-CBD4-4F0B-BB67-4E4F026A4F58}
		{7689CB6E-7695-4960-89BD-BD0F38DDCEB9} = {FD74E404-5444-4FF5-BFD4-4951FDE766C5}
		{467D673F-7E2C-4072-8887-8B4AE8C7E5B5} = {FD74E404-5444-4FF5-BFD4-4951FDE766C5}
		{11C9D1AD-7C5B-4C05-9FDA-FBACDC762C10} = {FD74E404-5444-4FF5-BFD4-4951FDE766C5}
		{AE31166A-1DD1-411F-AB11-D54140B049B1} = {FD74E404-5444-4FF5-BFD4-4951FDE766C5}
		{044097DF-2D27-4056-8689-EF8B838BA11C} = {FD74E404-5444-4FF5-BFD4-4951FDE766C5}
		{E0F99B73-3422-474A-A0CC-F1FFBB1C95E3} = {FD74E404-5444-4FF5-BFD4-4951FDE766C5}
		{B15F41BD-4F3A-4BA5-A304-5D1BDB70A704} = {FD74E404-5444-4FF5-BFD4-4951FDE766C5}
		{8DFE8D89-603D-4B94-B034-93EE5F42DCF3} = {FD74E404-5444-4FF5-BFD4-4951FDE766C5}
		{08789380-4812-4F75-B715-10D499FC43CA} = {A67F7A67-E21C-40E7-BF56-E16CC3DA3DA8}
		{B6E7F314-963B-4928-A592-FB745EA428FE} = {FD74E404-5444-4FF5-BFD4-4951FDE766C5}
		{276150C3-FFFE-4B58-81C0-DEEFD08D7446} = {FD74E404-5444-4FF5-BFD4-4951FDE766C5}
		{C6BD219F-E8DA-40EF-A98B-C90CFB0C8EE5} = {FD74E404-5444-4FF5-BFD4-4951FDE766C5}
		{29243A8D-7B27-4294-B1DF-3B19B170DEF9} = {FD74E404-5444-4FF5-BFD4-4951FDE766C5}
		{7BAF356D-4EBC-4B57-82D8-AD5E41852B38} = {FD74E404-5444-4FF5-BFD4-4951FDE766C5}
		{E29B624C-5EEA-4CA3-A68E-F7AFBAC893BA} = {96015A9A-0502-4638-8CAE-08DAB72EE271}
		{3982F945-9247-4A54-9BB2-6936B32EFCEE} = {96015A9A-0502-4638-8CAE-08DAB72EE271}
		{3F4C3F45-0DE5-4F9C-97E1-52448A343F68} = {96015A9A-0502-4638-8CAE-08DAB72EE271}
		{089CD5C7-25D0-4C9F-911E-99C40BC1DEFF} = {96015A9A-0502-4638-8CAE-08DAB72EE271}
		{254A151D-3AC7-4898-A241-CA93686A039A} = {A374B669-8158-4ED8-AF4B-8DA83E6EB799}
		{68D06515-2FBB-4348-93D2-2046AD9349F4} = {A374B669-8158-4ED8-AF4B-8DA83E6EB799}
		{D7F62EBF-AB23-41C0-B9EB-B9DCC834A18A} = {A374B669-8158-4ED8-AF4B-8DA83E6EB799}
		{6EF654E2-AC87-4927-8F60-FC8A64F75C71} = {1048215F-CBD4-4F0B-BB67-4E4F026A4F58}
		{E28BBDD4-93E2-463A-AABA-0A882F18C2CA} = {96015A9A-0502-4638-8CAE-08DAB72EE271}
		{258179C8-5C29-4DF9-BF20-03AAC5108A70} = {96015A9A-0502-4638-8CAE-08DAB72EE271}
		{189770A9-60FF-462C-A48D-E4C7F388DBB7} = {96015A9A-0502-4638-8CAE-08DAB72EE271}
		{256C3478-D104-429E-AA5E-E53DE9E8FF62} = {96015A9A-0502-4638-8CAE-08DAB72EE271}
		{3A7F0A92-F6E8-40A4-99DB-A93C53D6C9AE} = {96015A9A-0502-4638-8CAE-08DAB72EE271}
		{4C51D280-79FC-4A17-BBCB-E38C0EB46A32} = {96015A9A-0502-4638-8CAE-08DAB72EE271}
		{AC75FD2D-D533-4313-95E2-4E275A096C68} = {96015A9A-0502-4638-8CAE-08DAB72EE271}
	EndGlobalSection
EndGlobal
