<?xml version="1.0" encoding="utf-8"?>
<Project ToolsVersion="4.0" xmlns="http://schemas.microsoft.com/developer/msbuild/2003">
  <ItemGroup>
    <ClCompile Include="io.cpp">
      <Filter>io</Filter>
    </ClCompile>
    <ClCompile Include="Stack.cpp">
      <Filter>collections</Filter>
    </ClCompile>
    <ClCompile Include="main.cpp" />
    <ClCompile Include="Queue.cpp">
      <Filter>collections</Filter>
    </ClCompile>
    <ClCompile Include="LinkedList.cpp">
      <Filter>Data Structures\Lists</Filter>
    </ClCompile>
  </ItemGroup>
  <ItemGroup>
    <ClInclude Include="io.h">
      <Filter>io</Filter>
    </ClInclude>
    <ClInclude Include="Stack.h">
      <Filter>collections</Filter>
    </ClInclude>
    <ClInclude Include="Queue.h">
      <Filter>collections</Filter>
    </ClInclude>
    <ClInclude Include="DoublyLinkedList.h">
      <Filter>collections</Filter>
    </ClInclude>
    <ClInclude Include="LinkedList.h">
      <Filter>Data Structures\Lists</Filter>
    </ClInclude>
  </ItemGroup>
  <ItemGroup>
    <Filter Include="io">
      <UniqueIdentifier>{cb9970f2-eb8a-4e80-b05e-6230d99ba9be}</UniqueIdentifier>
    </Filter>
    <Filter Include="collections">
      <UniqueIdentifier>{1d24b9c3-69e0-4065-b821-cee9be70a3cb}</UniqueIdentifier>
    </Filter>
    <Filter Include="Data Structures">
      <UniqueIdentifier>{a5e1947e-7daf-4b24-bf1e-d878e9c445a8}</UniqueIdentifier>
    </Filter>
    <Filter Include="Data Structures\Lists">
      <UniqueIdentifier>{9de78a68-b122-47be-8409-92fb711c0fed}</UniqueIdentifier>
    </Filter>
  </ItemGroup>
</Project>